
Microsoft Visual Studio Solution File, Format Version 12.00
# Visual Studio Version 16
VisualStudioVersion = 16.0.33801.447
MinimumVisualStudioVersion = 10.0.40219.1
Project("{FAE04EC0-301F-11D3-BF4B-00C04F79EFBC}") = "Lab02-4", "Lab02-4.csproj", "{E4F38929-B725-411C-AC44-AC06C9B383B2}"
EndProject
Global
	GlobalSection(SolutionConfigurationPlatforms) = preSolution
		Debug|Any CPU = Debug|Any CPU
		Release|Any CPU = Release|Any CPU
	EndGlobalSection
	GlobalSection(ProjectConfigurationPlatforms) = postSolution
		{E4F38929-B725-411C-AC44-AC06C9B383B2}.Debug|Any CPU.ActiveCfg = Debug|Any CPU
		{E4F38929-B725-411C-AC44-AC06C9B383B2}.Debug|Any CPU.Build.0 = Debug|Any CPU
		{E4F38929-B725-411C-AC44-AC06C9B383B2}.Release|Any CPU.ActiveCfg = Release|Any CPU
		{E4F38929-B725-411C-AC44-AC06C9B383B2}.Release|Any CPU.Build.0 = Release|Any CPU
	EndGlobalSection
	GlobalSection(SolutionProperties) = preSolution
		HideSolutionNode = FALSE
	EndGlobalSection
	GlobalSection(ExtensibilityGlobals) = postSolution
		SolutionGuid = {15F6A643-6D6B-4266-BAE7-11C23E99D0AB}
	EndGlobalSection
EndGlobal
