
Microsoft Visual Studio Solution File, Format Version 12.00
# Visual Studio Version 16
VisualStudioVersion = 16.0.33801.447
MinimumVisualStudioVersion = 10.0.40219.1
Project("{FAE04EC0-301F-11D3-BF4B-00C04F79EFBC}") = "Lab01-4", "Lab01-4.csproj", "{2CB9743C-DBD5-4CA5-BE21-5A86281EBB56}"
EndProject
Global
	GlobalSection(SolutionConfigurationPlatforms) = preSolution
		Debug|Any CPU = Debug|Any CPU
		Release|Any CPU = Release|Any CPU
	EndGlobalSection
	GlobalSection(ProjectConfigurationPlatforms) = postSolution
		{2CB9743C-DBD5-4CA5-BE21-5A86281EBB56}.Debug|Any CPU.ActiveCfg = Debug|Any CPU
		{2CB9743C-DBD5-4CA5-BE21-5A86281EBB56}.Debug|Any CPU.Build.0 = Debug|Any CPU
		{2CB9743C-DBD5-4CA5-BE21-5A86281EBB56}.Release|Any CPU.ActiveCfg = Release|Any CPU
		{2CB9743C-DBD5-4CA5-BE21-5A86281EBB56}.Release|Any CPU.Build.0 = Release|Any CPU
	EndGlobalSection
	GlobalSection(SolutionProperties) = preSolution
		HideSolutionNode = FALSE
	EndGlobalSection
	GlobalSection(ExtensibilityGlobals) = postSolution
		SolutionGuid = {B2D444E9-996D-4376-94F5-A77040E00A6C}
	EndGlobalSection
EndGlobal
