
Microsoft Visual Studio Solution File, Format Version 12.00
# Visual Studio Version 16
VisualStudioVersion = 16.0.33801.447
MinimumVisualStudioVersion = 10.0.40219.1
Project("{FAE04EC0-301F-11D3-BF4B-00C04F79EFBC}") = "Lab04-2", "Lab04-2.csproj", "{BD79F977-3920-4BE5-9D53-749199288BAE}"
EndProject
Global
	GlobalSection(SolutionConfigurationPlatforms) = preSolution
		Debug|Any CPU = Debug|Any CPU
		Release|Any CPU = Release|Any CPU
	EndGlobalSection
	GlobalSection(ProjectConfigurationPlatforms) = postSolution
		{BD79F977-3920-4BE5-9D53-749199288BAE}.Debug|Any CPU.ActiveCfg = Debug|Any CPU
		{BD79F977-3920-4BE5-9D53-749199288BAE}.Debug|Any CPU.Build.0 = Debug|Any CPU
		{BD79F977-3920-4BE5-9D53-749199288BAE}.Release|Any CPU.ActiveCfg = Release|Any CPU
		{BD79F977-3920-4BE5-9D53-749199288BAE}.Release|Any CPU.Build.0 = Release|Any CPU
	EndGlobalSection
	GlobalSection(SolutionProperties) = preSolution
		HideSolutionNode = FALSE
	EndGlobalSection
	GlobalSection(ExtensibilityGlobals) = postSolution
		SolutionGuid = {22DAF4BF-5F04-4BF0-89E0-548A46FE2B07}
	EndGlobalSection
EndGlobal
